// !$*UTF8*$!
{
	archiveVersion = 1;
	classes = {
	};
	objectVersion = 50;
	objects = {

/* Begin PBXBuildFile section */
		AA3006A3218CE3D400A23A36 /* AppDelegate.swift in Sources */ = {isa = PBXBuildFile; fileRef = AA3006A2218CE3D400A23A36 /* AppDelegate.swift */; };
		AA3006A5218CE3D400A23A36 /* WeatherViewController.swift in Sources */ = {isa = PBXBuildFile; fileRef = AA3006A4218CE3D400A23A36 /* WeatherViewController.swift */; };
		AA3006A8218CE3D400A23A36 /* Main.storyboard in Resources */ = {isa = PBXBuildFile; fileRef = AA3006A6218CE3D400A23A36 /* Main.storyboard */; };
		AA3006AA218CE3DD00A23A36 /* Assets.xcassets in Resources */ = {isa = PBXBuildFile; fileRef = AA3006A9218CE3DD00A23A36 /* Assets.xcassets */; };
		AA3006AD218CE3DD00A23A36 /* LaunchScreen.storyboard in Resources */ = {isa = PBXBuildFile; fileRef = AA3006AB218CE3DD00A23A36 /* LaunchScreen.storyboard */; };
		AA3006B8218CE3DD00A23A36 /* WeatherTests.swift in Sources */ = {isa = PBXBuildFile; fileRef = AA3006B7218CE3DD00A23A36 /* WeatherTests.swift */; };
		AA4528C5218D9EEC00EC0901 /* Constants.swift in Sources */ = {isa = PBXBuildFile; fileRef = AA4528C4218D9EEB00EC0901 /* Constants.swift */; };
		AA4528C7218D9F9000EC0901 /* DailyForecastView.swift in Sources */ = {isa = PBXBuildFile; fileRef = AA4528C6218D9F9000EC0901 /* DailyForecastView.swift */; };
		AA4528CB218D9FE900EC0901 /* DailyForecastView.xib in Resources */ = {isa = PBXBuildFile; fileRef = AA4528CA218D9FE800EC0901 /* DailyForecastView.xib */; };
		AA4528CD218DA5FD00EC0901 /* HourlyForecastCell.swift in Sources */ = {isa = PBXBuildFile; fileRef = AA4528CC218DA5FD00EC0901 /* HourlyForecastCell.swift */; };
		AA4528CF218DB18400EC0901 /* InfoView.swift in Sources */ = {isa = PBXBuildFile; fileRef = AA4528CE218DB18400EC0901 /* InfoView.swift */; };
		AA4528D1218DB19700EC0901 /* InfoView.xib in Resources */ = {isa = PBXBuildFile; fileRef = AA4528D0218DB19700EC0901 /* InfoView.xib */; };
/* End PBXBuildFile section */

/* Begin PBXContainerItemProxy section */
		AA3006B4218CE3DD00A23A36 /* PBXContainerItemProxy */ = {
			isa = PBXContainerItemProxy;
			containerPortal = AA300697218CE3D400A23A36 /* Project object */;
			proxyType = 1;
			remoteGlobalIDString = AA30069E218CE3D400A23A36;
			remoteInfo = Weather;
		};
/* End PBXContainerItemProxy section */

/* Begin PBXFileReference section */
		AA30069F218CE3D400A23A36 /* Weather.app */ = {isa = PBXFileReference; explicitFileType = wrapper.application; includeInIndex = 0; path = Weather.app; sourceTree = BUILT_PRODUCTS_DIR; };
		AA3006A2218CE3D400A23A36 /* AppDelegate.swift */ = {isa = PBXFileReference; lastKnownFileType = sourcecode.swift; path = AppDelegate.swift; sourceTree = "<group>"; };
		AA3006A4218CE3D400A23A36 /* WeatherViewController.swift */ = {isa = PBXFileReference; lastKnownFileType = sourcecode.swift; path = WeatherViewController.swift; sourceTree = "<group>"; };
		AA3006A7218CE3D400A23A36 /* Base */ = {isa = PBXFileReference; lastKnownFileType = file.storyboard; name = Base; path = Base.lproj/Main.storyboard; sourceTree = "<group>"; };
		AA3006A9218CE3DD00A23A36 /* Assets.xcassets */ = {isa = PBXFileReference; lastKnownFileType = folder.assetcatalog; path = Assets.xcassets; sourceTree = "<group>"; };
		AA3006AC218CE3DD00A23A36 /* Base */ = {isa = PBXFileReference; lastKnownFileType = file.storyboard; name = Base; path = Base.lproj/LaunchScreen.storyboard; sourceTree = "<group>"; };
		AA3006AE218CE3DD00A23A36 /* Info.plist */ = {isa = PBXFileReference; lastKnownFileType = text.plist.xml; path = Info.plist; sourceTree = "<group>"; };
		AA3006B3218CE3DD00A23A36 /* WeatherTests.xctest */ = {isa = PBXFileReference; explicitFileType = wrapper.cfbundle; includeInIndex = 0; path = WeatherTests.xctest; sourceTree = BUILT_PRODUCTS_DIR; };
		AA3006B7218CE3DD00A23A36 /* WeatherTests.swift */ = {isa = PBXFileReference; lastKnownFileType = sourcecode.swift; path = WeatherTests.swift; sourceTree = "<group>"; };
		AA3006B9218CE3DD00A23A36 /* Info.plist */ = {isa = PBXFileReference; lastKnownFileType = text.plist.xml; path = Info.plist; sourceTree = "<group>"; };
		AA4528C4218D9EEB00EC0901 /* Constants.swift */ = {isa = PBXFileReference; lastKnownFileType = sourcecode.swift; path = Constants.swift; sourceTree = "<group>"; };
		AA4528C6218D9F9000EC0901 /* DailyForecastView.swift */ = {isa = PBXFileReference; lastKnownFileType = sourcecode.swift; path = DailyForecastView.swift; sourceTree = "<group>"; };
		AA4528CA218D9FE800EC0901 /* DailyForecastView.xib */ = {isa = PBXFileReference; lastKnownFileType = file.xib; path = DailyForecastView.xib; sourceTree = "<group>"; };
		AA4528CC218DA5FD00EC0901 /* HourlyForecastCell.swift */ = {isa = PBXFileReference; lastKnownFileType = sourcecode.swift; path = HourlyForecastCell.swift; sourceTree = "<group>"; };
		AA4528CE218DB18400EC0901 /* InfoView.swift */ = {isa = PBXFileReference; lastKnownFileType = sourcecode.swift; path = InfoView.swift; sourceTree = "<group>"; };
		AA4528D0218DB19700EC0901 /* InfoView.xib */ = {isa = PBXFileReference; lastKnownFileType = file.xib; path = InfoView.xib; sourceTree = "<group>"; };
/* End PBXFileReference section */

/* Begin PBXFrameworksBuildPhase section */
		AA30069C218CE3D400A23A36 /* Frameworks */ = {
			isa = PBXFrameworksBuildPhase;
			buildActionMask = 2147483647;
			files = (
			);
			runOnlyForDeploymentPostprocessing = 0;
		};
		AA3006B0218CE3DD00A23A36 /* Frameworks */ = {
			isa = PBXFrameworksBuildPhase;
			buildActionMask = 2147483647;
			files = (
			);
			runOnlyForDeploymentPostprocessing = 0;
		};
/* End PBXFrameworksBuildPhase section */

/* Begin PBXGroup section */
		AA300696218CE3D400A23A36 = {
			isa = PBXGroup;
			children = (
				AA3006A1218CE3D400A23A36 /* Weather */,
				AA3006B6218CE3DD00A23A36 /* WeatherTests */,
				AA3006A0218CE3D400A23A36 /* Products */,
			);
			sourceTree = "<group>";
		};
		AA3006A0218CE3D400A23A36 /* Products */ = {
			isa = PBXGroup;
			children = (
				AA30069F218CE3D400A23A36 /* Weather.app */,
				AA3006B3218CE3DD00A23A36 /* WeatherTests.xctest */,
			);
			name = Products;
			sourceTree = "<group>";
		};
		AA3006A1218CE3D400A23A36 /* Weather */ = {
			isa = PBXGroup;
			children = (
				AA3006C3218CF08D00A23A36 /* Service */,
				AA3006C2218CF07F00A23A36 /* Utils */,
				AA3006A2218CE3D400A23A36 /* AppDelegate.swift */,
				AA3006A6218CE3D400A23A36 /* Main.storyboard */,
				AA3006A9218CE3DD00A23A36 /* Assets.xcassets */,
				AA3006AB218CE3DD00A23A36 /* LaunchScreen.storyboard */,
				AA3006AE218CE3DD00A23A36 /* Info.plist */,
				AA4528C4218D9EEB00EC0901 /* Constants.swift */,
				AA3006C4218CF09B00A23A36 /* Model */,
				AA3006C5218CF0A300A23A36 /* View */,
				AA3006C6218CF0BC00A23A36 /* ViewModel */,
			);
			path = Weather;
			sourceTree = "<group>";
		};
		AA3006B6218CE3DD00A23A36 /* WeatherTests */ = {
			isa = PBXGroup;
			children = (
				AA3006B7218CE3DD00A23A36 /* WeatherTests.swift */,
				AA3006B9218CE3DD00A23A36 /* Info.plist */,
			);
			path = WeatherTests;
			sourceTree = "<group>";
		};
		AA3006C2218CF07F00A23A36 /* Utils */ = {
			isa = PBXGroup;
			children = (
			);
			path = Utils;
			sourceTree = "<group>";
		};
		AA3006C3218CF08D00A23A36 /* Service */ = {
			isa = PBXGroup;
			children = (
			);
			path = Service;
			sourceTree = "<group>";
		};
		AA3006C4218CF09B00A23A36 /* Model */ = {
			isa = PBXGroup;
			children = (
			);
			path = Model;
			sourceTree = "<group>";
		};
		AA3006C5218CF0A300A23A36 /* View */ = {
			isa = PBXGroup;
			children = (
				AA4528C9218D9FAE00EC0901 /* Cell */,
				AA4528C8218D9F9C00EC0901 /* Custom */,
				AA3006A4218CE3D400A23A36 /* WeatherViewController.swift */,
			);
			path = View;
			sourceTree = "<group>";
		};
		AA3006C6218CF0BC00A23A36 /* ViewModel */ = {
			isa = PBXGroup;
			children = (
			);
			path = ViewModel;
			sourceTree = "<group>";
		};
		AA4528C8218D9F9C00EC0901 /* Custom */ = {
			isa = PBXGroup;
			children = (
				AA4528C6218D9F9000EC0901 /* DailyForecastView.swift */,
				AA4528CA218D9FE800EC0901 /* DailyForecastView.xib */,
				AA4528CE218DB18400EC0901 /* InfoView.swift */,
				AA4528D0218DB19700EC0901 /* InfoView.xib */,
			);
			path = Custom;
			sourceTree = "<group>";
		};
		AA4528C9218D9FAE00EC0901 /* Cell */ = {
			isa = PBXGroup;
			children = (
				AA4528CC218DA5FD00EC0901 /* HourlyForecastCell.swift */,
			);
			path = Cell;
			sourceTree = "<group>";
		};
/* End PBXGroup section */

/* Begin PBXNativeTarget section */
		AA30069E218CE3D400A23A36 /* Weather */ = {
			isa = PBXNativeTarget;
			buildConfigurationList = AA3006BC218CE3DD00A23A36 /* Build configuration list for PBXNativeTarget "Weather" */;
			buildPhases = (
				AA30069B218CE3D400A23A36 /* Sources */,
				AA30069C218CE3D400A23A36 /* Frameworks */,
				AA30069D218CE3D400A23A36 /* Resources */,
			);
			buildRules = (
			);
			dependencies = (
			);
			name = Weather;
			productName = Weather;
			productReference = AA30069F218CE3D400A23A36 /* Weather.app */;
			productType = "com.apple.product-type.application";
		};
		AA3006B2218CE3DD00A23A36 /* WeatherTests */ = {
			isa = PBXNativeTarget;
			buildConfigurationList = AA3006BF218CE3DD00A23A36 /* Build configuration list for PBXNativeTarget "WeatherTests" */;
			buildPhases = (
				AA3006AF218CE3DD00A23A36 /* Sources */,
				AA3006B0218CE3DD00A23A36 /* Frameworks */,
				AA3006B1218CE3DD00A23A36 /* Resources */,
			);
			buildRules = (
			);
			dependencies = (
				AA3006B5218CE3DD00A23A36 /* PBXTargetDependency */,
			);
			name = WeatherTests;
			productName = WeatherTests;
			productReference = AA3006B3218CE3DD00A23A36 /* WeatherTests.xctest */;
			productType = "com.apple.product-type.bundle.unit-test";
		};
/* End PBXNativeTarget section */

/* Begin PBXProject section */
		AA300697218CE3D400A23A36 /* Project object */ = {
			isa = PBXProject;
			attributes = {
				LastSwiftUpdateCheck = 1000;
				LastUpgradeCheck = 1000;
				ORGANIZATIONNAME = "Christian Huang";
				TargetAttributes = {
					AA30069E218CE3D400A23A36 = {
						CreatedOnToolsVersion = 10.0;
					};
					AA3006B2218CE3DD00A23A36 = {
						CreatedOnToolsVersion = 10.0;
						TestTargetID = AA30069E218CE3D400A23A36;
					};
				};
			};
			buildConfigurationList = AA30069A218CE3D400A23A36 /* Build configuration list for PBXProject "Weather" */;
			compatibilityVersion = "Xcode 9.3";
			developmentRegion = en;
			hasScannedForEncodings = 0;
			knownRegions = (
				en,
				Base,
			);
			mainGroup = AA300696218CE3D400A23A36;
			productRefGroup = AA3006A0218CE3D400A23A36 /* Products */;
			projectDirPath = "";
			projectRoot = "";
			targets = (
				AA30069E218CE3D400A23A36 /* Weather */,
				AA3006B2218CE3DD00A23A36 /* WeatherTests */,
			);
		};
/* End PBXProject section */

/* Begin PBXResourcesBuildPhase section */
		AA30069D218CE3D400A23A36 /* Resources */ = {
			isa = PBXResourcesBuildPhase;
			buildActionMask = 2147483647;
			files = (
				AA3006AD218CE3DD00A23A36 /* LaunchScreen.storyboard in Resources */,
				AA3006AA218CE3DD00A23A36 /* Assets.xcassets in Resources */,
				AA4528D1218DB19700EC0901 /* InfoView.xib in Resources */,
				AA3006A8218CE3D400A23A36 /* Main.storyboard in Resources */,
				AA4528CB218D9FE900EC0901 /* DailyForecastView.xib in Resources */,
			);
			runOnlyForDeploymentPostprocessing = 0;
		};
		AA3006B1218CE3DD00A23A36 /* Resources */ = {
			isa = PBXResourcesBuildPhase;
			buildActionMask = 2147483647;
			files = (
			);
			runOnlyForDeploymentPostprocessing = 0;
		};
/* End PBXResourcesBuildPhase section */

/* Begin PBXSourcesBuildPhase section */
		AA30069B218CE3D400A23A36 /* Sources */ = {
			isa = PBXSourcesBuildPhase;
			buildActionMask = 2147483647;
			files = (
				AA3006A5218CE3D400A23A36 /* WeatherViewController.swift in Sources */,
				AA3006A3218CE3D400A23A36 /* AppDelegate.swift in Sources */,
				AA4528C5218D9EEC00EC0901 /* Constants.swift in Sources */,
				AA4528C7218D9F9000EC0901 /* DailyForecastView.swift in Sources */,
				AA4528CF218DB18400EC0901 /* InfoView.swift in Sources */,
				AA4528CD218DA5FD00EC0901 /* HourlyForecastCell.swift in Sources */,
			);
			runOnlyForDeploymentPostprocessing = 0;
		};
		AA3006AF218CE3DD00A23A36 /* Sources */ = {
			isa = PBXSourcesBuildPhase;
			buildActionMask = 2147483647;
			files = (
				AA3006B8218CE3DD00A23A36 /* WeatherTests.swift in Sources */,
			);
			runOnlyForDeploymentPostprocessing = 0;
		};
/* End PBXSourcesBuildPhase section */

/* Begin PBXTargetDependency section */
		AA3006B5218CE3DD00A23A36 /* PBXTargetDependency */ = {
			isa = PBXTargetDependency;
			target = AA30069E218CE3D400A23A36 /* Weather */;
			targetProxy = AA3006B4218CE3DD00A23A36 /* PBXContainerItemProxy */;
		};
/* End PBXTargetDependency section */

/* Begin PBXVariantGroup section */
		AA3006A6218CE3D400A23A36 /* Main.storyboard */ = {
			isa = PBXVariantGroup;
			children = (
				AA3006A7218CE3D400A23A36 /* Base */,
			);
			name = Main.storyboard;
			sourceTree = "<group>";
		};
		AA3006AB218CE3DD00A23A36 /* LaunchScreen.storyboard */ = {
			isa = PBXVariantGroup;
			children = (
				AA3006AC218CE3DD00A23A36 /* Base */,
			);
			name = LaunchScreen.storyboard;
			sourceTree = "<group>";
		};
/* End PBXVariantGroup section */

/* Begin XCBuildConfiguration section */
		AA3006BA218CE3DD00A23A36 /* Debug */ = {
			isa = XCBuildConfiguration;
			buildSettings = {
				ALWAYS_SEARCH_USER_PATHS = NO;
				CLANG_ANALYZER_NONNULL = YES;
				CLANG_ANALYZER_NUMBER_OBJECT_CONVERSION = YES_AGGRESSIVE;
				CLANG_CXX_LANGUAGE_STANDARD = "gnu++14";
				CLANG_CXX_LIBRARY = "libc++";
				CLANG_ENABLE_MODULES = YES;
				CLANG_ENABLE_OBJC_ARC = YES;
				CLANG_ENABLE_OBJC_WEAK = YES;
				CLANG_WARN_BLOCK_CAPTURE_AUTORELEASING = YES;
				CLANG_WARN_BOOL_CONVERSION = YES;
				CLANG_WARN_COMMA = YES;
				CLANG_WARN_CONSTANT_CONVERSION = YES;
				CLANG_WARN_DEPRECATED_OBJC_IMPLEMENTATIONS = YES;
				CLANG_WARN_DIRECT_OBJC_ISA_USAGE = YES_ERROR;
				CLANG_WARN_DOCUMENTATION_COMMENTS = YES;
				CLANG_WARN_EMPTY_BODY = YES;
				CLANG_WARN_ENUM_CONVERSION = YES;
				CLANG_WARN_INFINITE_RECURSION = YES;
				CLANG_WARN_INT_CONVERSION = YES;
				CLANG_WARN_NON_LITERAL_NULL_CONVERSION = YES;
				CLANG_WARN_OBJC_IMPLICIT_RETAIN_SELF = YES;
				CLANG_WARN_OBJC_LITERAL_CONVERSION = YES;
				CLANG_WARN_OBJC_ROOT_CLASS = YES_ERROR;
				CLANG_WARN_RANGE_LOOP_ANALYSIS = YES;
				CLANG_WARN_STRICT_PROTOTYPES = YES;
				CLANG_WARN_SUSPICIOUS_MOVE = YES;
				CLANG_WARN_UNGUARDED_AVAILABILITY = YES_AGGRESSIVE;
				CLANG_WARN_UNREACHABLE_CODE = YES;
				CLANG_WARN__DUPLICATE_METHOD_MATCH = YES;
				CODE_SIGN_IDENTITY = "iPhone Developer";
				COPY_PHASE_STRIP = NO;
				DEBUG_INFORMATION_FORMAT = dwarf;
				ENABLE_STRICT_OBJC_MSGSEND = YES;
				ENABLE_TESTABILITY = YES;
				GCC_C_LANGUAGE_STANDARD = gnu11;
				GCC_DYNAMIC_NO_PIC = NO;
				GCC_NO_COMMON_BLOCKS = YES;
				GCC_OPTIMIZATION_LEVEL = 0;
				GCC_PREPROCESSOR_DEFINITIONS = (
					"DEBUG=1",
					"$(inherited)",
				);
				GCC_WARN_64_TO_32_BIT_CONVERSION = YES;
				GCC_WARN_ABOUT_RETURN_TYPE = YES_ERROR;
				GCC_WARN_UNDECLARED_SELECTOR = YES;
				GCC_WARN_UNINITIALIZED_AUTOS = YES_AGGRESSIVE;
				GCC_WARN_UNUSED_FUNCTION = YES;
				GCC_WARN_UNUSED_VARIABLE = YES;
				IPHONEOS_DEPLOYMENT_TARGET = 12.0;
				MTL_ENABLE_DEBUG_INFO = INCLUDE_SOURCE;
				MTL_FAST_MATH = YES;
				ONLY_ACTIVE_ARCH = YES;
				SDKROOT = iphoneos;
				SWIFT_ACTIVE_COMPILATION_CONDITIONS = DEBUG;
				SWIFT_OPTIMIZATION_LEVEL = "-Onone";
			};
			name = Debug;
		};
		AA3006BB218CE3DD00A23A36 /* Release */ = {
			isa = XCBuildConfiguration;
			buildSettings = {
				ALWAYS_SEARCH_USER_PATHS = NO;
				CLANG_ANALYZER_NONNULL = YES;
				CLANG_ANALYZER_NUMBER_OBJECT_CONVERSION = YES_AGGRESSIVE;
				CLANG_CXX_LANGUAGE_STANDARD = "gnu++14";
				CLANG_CXX_LIBRARY = "libc++";
				CLANG_ENABLE_MODULES = YES;
				CLANG_ENABLE_OBJC_ARC = YES;
				CLANG_ENABLE_OBJC_WEAK = YES;
				CLANG_WARN_BLOCK_CAPTURE_AUTORELEASING = YES;
				CLANG_WARN_BOOL_CONVERSION = YES;
				CLANG_WARN_COMMA = YES;
				CLANG_WARN_CONSTANT_CONVERSION = YES;
				CLANG_WARN_DEPRECATED_OBJC_IMPLEMENTATIONS = YES;
				CLANG_WARN_DIRECT_OBJC_ISA_USAGE = YES_ERROR;
				CLANG_WARN_DOCUMENTATION_COMMENTS = YES;
				CLANG_WARN_EMPTY_BODY = YES;
				CLANG_WARN_ENUM_CONVERSION = YES;
				CLANG_WARN_INFINITE_RECURSION = YES;
				CLANG_WARN_INT_CONVERSION = YES;
				CLANG_WARN_NON_LITERAL_NULL_CONVERSION = YES;
				CLANG_WARN_OBJC_IMPLICIT_RETAIN_SELF = YES;
				CLANG_WARN_OBJC_LITERAL_CONVERSION = YES;
				CLANG_WARN_OBJC_ROOT_CLASS = YES_ERROR;
				CLANG_WARN_RANGE_LOOP_ANALYSIS = YES;
				CLANG_WARN_STRICT_PROTOTYPES = YES;
				CLANG_WARN_SUSPICIOUS_MOVE = YES;
				CLANG_WARN_UNGUARDED_AVAILABILITY = YES_AGGRESSIVE;
				CLANG_WARN_UNREACHABLE_CODE = YES;
				CLANG_WARN__DUPLICATE_METHOD_MATCH = YES;
				CODE_SIGN_IDENTITY = "iPhone Developer";
				COPY_PHASE_STRIP = NO;
				DEBUG_INFORMATION_FORMAT = "dwarf-with-dsym";
				ENABLE_NS_ASSERTIONS = NO;
				ENABLE_STRICT_OBJC_MSGSEND = YES;
				GCC_C_LANGUAGE_STANDARD = gnu11;
				GCC_NO_COMMON_BLOCKS = YES;
				GCC_WARN_64_TO_32_BIT_CONVERSION = YES;
				GCC_WARN_ABOUT_RETURN_TYPE = YES_ERROR;
				GCC_WARN_UNDECLARED_SELECTOR = YES;
				GCC_WARN_UNINITIALIZED_AUTOS = YES_AGGRESSIVE;
				GCC_WARN_UNUSED_FUNCTION = YES;
				GCC_WARN_UNUSED_VARIABLE = YES;
				IPHONEOS_DEPLOYMENT_TARGET = 12.0;
				MTL_ENABLE_DEBUG_INFO = NO;
				MTL_FAST_MATH = YES;
				SDKROOT = iphoneos;
				SWIFT_COMPILATION_MODE = wholemodule;
				SWIFT_OPTIMIZATION_LEVEL = "-O";
				VALIDATE_PRODUCT = YES;
			};
			name = Release;
		};
		AA3006BD218CE3DD00A23A36 /* Debug */ = {
			isa = XCBuildConfiguration;
			buildSettings = {
				ASSETCATALOG_COMPILER_APPICON_NAME = AppIcon;
				CODE_SIGN_STYLE = Automatic;
				DEVELOPMENT_TEAM = 7X5UG5NGMS;
				INFOPLIST_FILE = Weather/Info.plist;
				LD_RUNPATH_SEARCH_PATHS = (
					"$(inherited)",
					"@executable_path/Frameworks",
				);
				PRODUCT_BUNDLE_IDENTIFIER = net.inovidea.Weather;
				PRODUCT_NAME = "$(TARGET_NAME)";
				SWIFT_VERSION = 4.2;
				TARGETED_DEVICE_FAMILY = "1,2";
			};
			name = Debug;
		};
		AA3006BE218CE3DD00A23A36 /* Release */ = {
			isa = XCBuildConfiguration;
			buildSettings = {
				ASSETCATALOG_COMPILER_APPICON_NAME = AppIcon;
				CODE_SIGN_STYLE = Automatic;
				DEVELOPMENT_TEAM = 7X5UG5NGMS;
				INFOPLIST_FILE = Weather/Info.plist;
				LD_RUNPATH_SEARCH_PATHS = (
					"$(inherited)",
					"@executable_path/Frameworks",
				);
				PRODUCT_BUNDLE_IDENTIFIER = net.inovidea.Weather;
				PRODUCT_NAME = "$(TARGET_NAME)";
				SWIFT_VERSION = 4.2;
				TARGETED_DEVICE_FAMILY = "1,2";
			};
			name = Release;
		};
		AA3006C0218CE3DD00A23A36 /* Debug */ = {
			isa = XCBuildConfiguration;
			buildSettings = {
				ALWAYS_EMBED_SWIFT_STANDARD_LIBRARIES = YES;
				BUNDLE_LOADER = "$(TEST_HOST)";
				CODE_SIGN_STYLE = Automatic;
				DEVELOPMENT_TEAM = 7X5UG5NGMS;
				INFOPLIST_FILE = WeatherTests/Info.plist;
				LD_RUNPATH_SEARCH_PATHS = (
					"$(inherited)",
					"@executable_path/Frameworks",
					"@loader_path/Frameworks",
				);
				PRODUCT_BUNDLE_IDENTIFIER = net.inovidea.WeatherTests;
				PRODUCT_NAME = "$(TARGET_NAME)";
				SWIFT_VERSION = 4.2;
				TARGETED_DEVICE_FAMILY = "1,2";
				TEST_HOST = "$(BUILT_PRODUCTS_DIR)/Weather.app/Weather";
			};
			name = Debug;
		};
		AA3006C1218CE3DD00A23A36 /* Release */ = {
			isa = XCBuildConfiguration;
			buildSettings = {
				ALWAYS_EMBED_SWIFT_STANDARD_LIBRARIES = YES;
				BUNDLE_LOADER = "$(TEST_HOST)";
				CODE_SIGN_STYLE = Automatic;
				DEVELOPMENT_TEAM = 7X5UG5NGMS;
				INFOPLIST_FILE = WeatherTests/Info.plist;
				LD_RUNPATH_SEARCH_PATHS = (
					"$(inherited)",
					"@executable_path/Frameworks",
					"@loader_path/Frameworks",
				);
				PRODUCT_BUNDLE_IDENTIFIER = net.inovidea.WeatherTests;
				PRODUCT_NAME = "$(TARGET_NAME)";
				SWIFT_VERSION = 4.2;
				TARGETED_DEVICE_FAMILY = "1,2";
				TEST_HOST = "$(BUILT_PRODUCTS_DIR)/Weather.app/Weather";
			};
			name = Release;
		};
/* End XCBuildConfiguration section */

/* Begin XCConfigurationList section */
		AA30069A218CE3D400A23A36 /* Build configuration list for PBXProject "Weather" */ = {
			isa = XCConfigurationList;
			buildConfigurations = (
				AA3006BA218CE3DD00A23A36 /* Debug */,
				AA3006BB218CE3DD00A23A36 /* Release */,
			);
			defaultConfigurationIsVisible = 0;
			defaultConfigurationName = Release;
		};
		AA3006BC218CE3DD00A23A36 /* Build configuration list for PBXNativeTarget "Weather" */ = {
			isa = XCConfigurationList;
			buildConfigurations = (
				AA3006BD218CE3DD00A23A36 /* Debug */,
				AA3006BE218CE3DD00A23A36 /* Release */,
			);
			defaultConfigurationIsVisible = 0;
			defaultConfigurationName = Release;
		};
		AA3006BF218CE3DD00A23A36 /* Build configuration list for PBXNativeTarget "WeatherTests" */ = {
			isa = XCConfigurationList;
			buildConfigurations = (
				AA3006C0218CE3DD00A23A36 /* Debug */,
				AA3006C1218CE3DD00A23A36 /* Release */,
			);
			defaultConfigurationIsVisible = 0;
			defaultConfigurationName = Release;
		};
/* End XCConfigurationList section */
	};
	rootObject = AA300697218CE3D400A23A36 /* Project object */;
}
